
Microsoft Visual Studio Solution File, Format Version 12.00
# Visual Studio Version 17
VisualStudioVersion = 17.5.002.0
MinimumVisualStudioVersion = 10.0.40219.1
Project("{9A19103F-16F7-4668-BE54-9A1E7A4F7556}") = "EfMigrationsDoneRight", "EfMigrationsDoneRight.csproj", "{F55723F8-F8B6-4EB1-ADFD-DEF45176538B}"
EndProject
Global
	GlobalSection(SolutionConfigurationPlatforms) = preSolution
		Debug|Any CPU = Debug|Any CPU
		Release|Any CPU = Release|Any CPU
	EndGlobalSection
	GlobalSection(ProjectConfigurationPlatforms) = postSolution
		{F55723F8-F8B6-4EB1-ADFD-DEF45176538B}.Debug|Any CPU.ActiveCfg = Debug|Any CPU
		{F55723F8-F8B6-4EB1-ADFD-DEF45176538B}.Debug|Any CPU.Build.0 = Debug|Any CPU
		{F55723F8-F8B6-4EB1-ADFD-DEF45176538B}.Release|Any CPU.ActiveCfg = Release|Any CPU
		{F55723F8-F8B6-4EB1-ADFD-DEF45176538B}.Release|Any CPU.Build.0 = Release|Any CPU
	EndGlobalSection
	GlobalSection(SolutionProperties) = preSolution
		HideSolutionNode = FALSE
	EndGlobalSection
	GlobalSection(ExtensibilityGlobals) = postSolution
		SolutionGuid = {9825AE0F-1855-4588-8C59-491541994E41}
	EndGlobalSection
EndGlobal
